// !$*UTF8*$!
{
	archiveVersion = 1;
	classes = {
	};
	objectVersion = 46;
	objects = {

/* Begin PBXBuildFile section */
		2D001A8B1FEA6465001A31BE /* MapItemPost.swift in Sources */ = {isa = PBXBuildFile; fileRef = 2D001A8A1FEA6465001A31BE /* MapItemPost.swift */; };
		2D0E73EB1FE2627000A57E09 /* MapPlacePicker.swift in Sources */ = {isa = PBXBuildFile; fileRef = 2D0E73EA1FE2627000A57E09 /* MapPlacePicker.swift */; };
		2D8F4B941FC59D1700293E8A /* assets.xcassets in Resources */ = {isa = PBXBuildFile; fileRef = 2D8F4B931FC59D1600293E8A /* assets.xcassets */; };
		2D9A7B471FDE807B0069A2E2 /* ReportUser.swift in Sources */ = {isa = PBXBuildFile; fileRef = 2D9A7B461FDE807A0069A2E2 /* ReportUser.swift */; };
		2D9A7B491FDE80AD0069A2E2 /* ReportUserDescription.swift in Sources */ = {isa = PBXBuildFile; fileRef = 2D9A7B481FDE80AD0069A2E2 /* ReportUserDescription.swift */; };
		2D9F7BC31FC80E14007A1776 /* ChatingScreen.swift in Sources */ = {isa = PBXBuildFile; fileRef = 2D9F7BC21FC80E13007A1776 /* ChatingScreen.swift */; };
		2DD2C7551FC6E7B700639B43 /* alert.mp3 in Resources */ = {isa = PBXBuildFile; fileRef = 2DD2C7541FC6E7B600639B43 /* alert.mp3 */; };
		2DD2C7571FC6E9A900639B43 /* AppDelegate.swift in Sources */ = {isa = PBXBuildFile; fileRef = 2DD2C7561FC6E9A900639B43 /* AppDelegate.swift */; };
		2DD2C75B1FC6E9E900639B43 /* ChatList.swift in Sources */ = {isa = PBXBuildFile; fileRef = 2DD2C75A1FC6E9E800639B43 /* ChatList.swift */; };
		2DD2C75D1FC6EA0F00639B43 /* MyProfile.swift in Sources */ = {isa = PBXBuildFile; fileRef = 2DD2C75C1FC6EA0E00639B43 /* MyProfile.swift */; };
		2DD2C75F1FC6EB2B00639B43 /* ViewController.swift in Sources */ = {isa = PBXBuildFile; fileRef = 2DD2C75E1FC6EB2B00639B43 /* ViewController.swift */; };
		2DD47C6C1FDA6680009735D4 /* Reportitem.swift in Sources */ = {isa = PBXBuildFile; fileRef = 2DD47C6B1FDA6680009735D4 /* Reportitem.swift */; };
		2DD47C6E1FDA9F51009735D4 /* ReportitemDescription.swift in Sources */ = {isa = PBXBuildFile; fileRef = 2DD47C6D1FDA9F51009735D4 /* ReportitemDescription.swift */; };
		440A0F8B1FA341D300A95ED1 /* WebViewScreen.swift in Sources */ = {isa = PBXBuildFile; fileRef = 440A0F8A1FA341D300A95ED1 /* WebViewScreen.swift */; };
		440A0F8E1FA3441D00A95ED1 /* About_English.html in Resources */ = {isa = PBXBuildFile; fileRef = 440A0F8C1FA3441D00A95ED1 /* About_English.html */; };
		440A0F8F1FA3441D00A95ED1 /* Terms_English.html in Resources */ = {isa = PBXBuildFile; fileRef = 440A0F8D1FA3441D00A95ED1 /* Terms_English.html */; };
		440A0F911FA3477300A95ED1 /* Notifications.swift in Sources */ = {isa = PBXBuildFile; fileRef = 440A0F901FA3477300A95ED1 /* Notifications.swift */; };
		4424904E1FA98F960060A640 /* MarkAsSold.swift in Sources */ = {isa = PBXBuildFile; fileRef = 4424904D1FA98F960060A640 /* MarkAsSold.swift */; };
		442490501FA9D2D50060A640 /* ChooseBuyer.swift in Sources */ = {isa = PBXBuildFile; fileRef = 4424904F1FA9D2D50060A640 /* ChooseBuyer.swift */; };
		442490521FA9D7960060A640 /* RateBuyer.swift in Sources */ = {isa = PBXBuildFile; fileRef = 442490511FA9D7960060A640 /* RateBuyer.swift */; };
		442490571FA9E77E0060A640 /* AARatingBar.swift in Sources */ = {isa = PBXBuildFile; fileRef = 442490561FA9E77E0060A640 /* AARatingBar.swift */; };
		442C8A0B1FB079AD0047B070 /* Main_Arabic.storyboard in Resources */ = {isa = PBXBuildFile; fileRef = 442C8A091FB079AD0047B070 /* Main_Arabic.storyboard */; };
		44E8D2911FB326770007DB8F /* postListCell.swift in Sources */ = {isa = PBXBuildFile; fileRef = 44E8D2901FB326770007DB8F /* postListCell.swift */; };
		44E8D2931FB33EA60007DB8F /* ProfilePostListCell.swift in Sources */ = {isa = PBXBuildFile; fileRef = 44E8D2921FB33EA60007DB8F /* ProfilePostListCell.swift */; };
		824AA6DEC221E05039273139 /* Pods_Deals.framework in Frameworks */ = {isa = PBXBuildFile; fileRef = 0DFF6CD624C0B7839520F490 /* Pods_Deals.framework */; };
		BE2857E0113C6273B8F8079F /* Pods_DealsTests.framework in Frameworks */ = {isa = PBXBuildFile; fileRef = 50A422F580B2FBE30C6717AB /* Pods_DealsTests.framework */; };
		C6CEE34DCA5C54C9CFA1FAFE /* Pods_DealsUITests.framework in Frameworks */ = {isa = PBXBuildFile; fileRef = A7EA440DF1DC5D45D64C5827 /* Pods_DealsUITests.framework */; };
		E401C3B01FC0A9D200F0C6CE /* SelectCountryCity.swift in Sources */ = {isa = PBXBuildFile; fileRef = E401C3AF1FC0A9D200F0C6CE /* SelectCountryCity.swift */; };
		E409652F1F8EA29200C0D92F /* CountryCityList.swift in Sources */ = {isa = PBXBuildFile; fileRef = E409652E1F8EA29200C0D92F /* CountryCityList.swift */; };
		E442E9F71FB616AB0023A92F /* GoogleService-Info.plist in Resources */ = {isa = PBXBuildFile; fileRef = E442E9F61FB616AB0023A92F /* GoogleService-Info.plist */; };
		E447110D1FB0D6E4001D1D3C /* ImageShow.swift in Sources */ = {isa = PBXBuildFile; fileRef = E447110C1FB0D6E4001D1D3C /* ImageShow.swift */; };
		E44711131FB0DC45001D1D3C /* SF-UI-Text-Light.otf in Resources */ = {isa = PBXBuildFile; fileRef = E447110F1FB0DC45001D1D3C /* SF-UI-Text-Light.otf */; };
		E44711141FB0DC45001D1D3C /* SF-UI-Text-Medium.otf in Resources */ = {isa = PBXBuildFile; fileRef = E44711101FB0DC45001D1D3C /* SF-UI-Text-Medium.otf */; };
		E44711151FB0DC45001D1D3C /* SF-UI-Text-Regular.otf in Resources */ = {isa = PBXBuildFile; fileRef = E44711111FB0DC45001D1D3C /* SF-UI-Text-Regular.otf */; };
		E44711161FB0DC45001D1D3C /* SF-UI-Text-Semibold.otf in Resources */ = {isa = PBXBuildFile; fileRef = E44711121FB0DC45001D1D3C /* SF-UI-Text-Semibold.otf */; };
		E44711291FB0E4A8001D1D3C /* Localizable.strings in Resources */ = {isa = PBXBuildFile; fileRef = E447112B1FB0E4A8001D1D3C /* Localizable.strings */; };
		E45A15931FA4F29D004F2CD7 /* UpdatePost.swift in Sources */ = {isa = PBXBuildFile; fileRef = E45A15921FA4F29D004F2CD7 /* UpdatePost.swift */; };
		E478C5F21F7E8EF600EAAA26 /* MenuView.swift in Sources */ = {isa = PBXBuildFile; fileRef = E478C5F11F7E8EF600EAAA26 /* MenuView.swift */; };
		E478C63B1F81332900EAAA26 /* SWRevealViewController.m in Sources */ = {isa = PBXBuildFile; fileRef = E478C63A1F81332900EAAA26 /* SWRevealViewController.m */; };
		E488D2E21F72E2F400523E25 /* Main.storyboard in Resources */ = {isa = PBXBuildFile; fileRef = E488D2E01F72E2F400523E25 /* Main.storyboard */; };
		E488D2E71F72E2F400523E25 /* LaunchScreen.storyboard in Resources */ = {isa = PBXBuildFile; fileRef = E488D2E51F72E2F400523E25 /* LaunchScreen.storyboard */; };
		E488D2F21F72E2F400523E25 /* DealsTests.swift in Sources */ = {isa = PBXBuildFile; fileRef = E488D2F11F72E2F400523E25 /* DealsTests.swift */; };
		E488D2FD1F72E2F500523E25 /* DealsUITests.swift in Sources */ = {isa = PBXBuildFile; fileRef = E488D2FC1F72E2F500523E25 /* DealsUITests.swift */; };
		E488D3301F72E7C000523E25 /* SelectLanguage.swift in Sources */ = {isa = PBXBuildFile; fileRef = E488D32F1F72E7C000523E25 /* SelectLanguage.swift */; };
		E488D3321F72E7D000523E25 /* Login.swift in Sources */ = {isa = PBXBuildFile; fileRef = E488D3311F72E7D000523E25 /* Login.swift */; };
		E488D3341F72E7E000523E25 /* SignUp.swift in Sources */ = {isa = PBXBuildFile; fileRef = E488D3331F72E7E000523E25 /* SignUp.swift */; };
		E488D3361F72E7F300523E25 /* ForgotPassword.swift in Sources */ = {isa = PBXBuildFile; fileRef = E488D3351F72E7F300523E25 /* ForgotPassword.swift */; };
		E488D36C1F88CB1F00E270FF /* CheckInternet.swift in Sources */ = {isa = PBXBuildFile; fileRef = E488D36B1F88CB1F00E270FF /* CheckInternet.swift */; };
		E488D3751F895E9400E270FF /* AddPost.swift in Sources */ = {isa = PBXBuildFile; fileRef = E488D3741F895E9400E270FF /* AddPost.swift */; };
		E488D3771F895EA300E270FF /* Category.swift in Sources */ = {isa = PBXBuildFile; fileRef = E488D3761F895EA300E270FF /* Category.swift */; };
		E488D37B1F8962E200E270FF /* About.swift in Sources */ = {isa = PBXBuildFile; fileRef = E488D37A1F8962E200E270FF /* About.swift */; };
		E488D37D1F8963D900E270FF /* PostDetails.swift in Sources */ = {isa = PBXBuildFile; fileRef = E488D37C1F8963D900E270FF /* PostDetails.swift */; };
		E4F040591F8FB89E00E75FE8 /* UpdateProfile.swift in Sources */ = {isa = PBXBuildFile; fileRef = E4F040581F8FB89E00E75FE8 /* UpdateProfile.swift */; };
		E4F0405B1F8FE25200E75FE8 /* CoreLocation.framework in Frameworks */ = {isa = PBXBuildFile; fileRef = E4F0405A1F8FE25200E75FE8 /* CoreLocation.framework */; };
		E4F737E11F88C3B100403BFF /* constant.swift in Sources */ = {isa = PBXBuildFile; fileRef = E4F737DF1F88C3B100403BFF /* constant.swift */; };
		E4F737E21F88C3B100403BFF /* customclass.swift in Sources */ = {isa = PBXBuildFile; fileRef = E4F737E01F88C3B100403BFF /* customclass.swift */; };
/* End PBXBuildFile section */

/* Begin PBXContainerItemProxy section */
		E488D2EE1F72E2F400523E25 /* PBXContainerItemProxy */ = {
			isa = PBXContainerItemProxy;
			containerPortal = E488D2D11F72E2F400523E25 /* Project object */;
			proxyType = 1;
			remoteGlobalIDString = E488D2D81F72E2F400523E25;
			remoteInfo = Deals;
		};
		E488D2F91F72E2F400523E25 /* PBXContainerItemProxy */ = {
			isa = PBXContainerItemProxy;
			containerPortal = E488D2D11F72E2F400523E25 /* Project object */;
			proxyType = 1;
			remoteGlobalIDString = E488D2D81F72E2F400523E25;
			remoteInfo = Deals;
		};
/* End PBXContainerItemProxy section */

/* Begin PBXFileReference section */
		0DFF6CD624C0B7839520F490 /* Pods_Deals.framework */ = {isa = PBXFileReference; explicitFileType = wrapper.framework; includeInIndex = 0; path = Pods_Deals.framework; sourceTree = BUILT_PRODUCTS_DIR; };
		239DE53EBFB48F0302F03A2D /* Pods-Deals.release.xcconfig */ = {isa = PBXFileReference; includeInIndex = 1; lastKnownFileType = text.xcconfig; name = "Pods-Deals.release.xcconfig"; path = "Pods/Target Support Files/Pods-Deals/Pods-Deals.release.xcconfig"; sourceTree = "<group>"; };
		26A223DAFF4EF1A9C880E989 /* Pods-DealsUITests.debug.xcconfig */ = {isa = PBXFileReference; includeInIndex = 1; lastKnownFileType = text.xcconfig; name = "Pods-DealsUITests.debug.xcconfig"; path = "Pods/Target Support Files/Pods-DealsUITests/Pods-DealsUITests.debug.xcconfig"; sourceTree = "<group>"; };
		2D001A8A1FEA6465001A31BE /* MapItemPost.swift */ = {isa = PBXFileReference; lastKnownFileType = sourcecode.swift; path = MapItemPost.swift; sourceTree = "<group>"; };
		2D0E73EA1FE2627000A57E09 /* MapPlacePicker.swift */ = {isa = PBXFileReference; lastKnownFileType = sourcecode.swift; path = MapPlacePicker.swift; sourceTree = "<group>"; };
		2D8F4B931FC59D1600293E8A /* assets.xcassets */ = {isa = PBXFileReference; lastKnownFileType = folder.assetcatalog; path = assets.xcassets; sourceTree = "<group>"; };
		2D9A7B461FDE807A0069A2E2 /* ReportUser.swift */ = {isa = PBXFileReference; lastKnownFileType = sourcecode.swift; path = ReportUser.swift; sourceTree = "<group>"; };
		2D9A7B481FDE80AD0069A2E2 /* ReportUserDescription.swift */ = {isa = PBXFileReference; lastKnownFileType = sourcecode.swift; path = ReportUserDescription.swift; sourceTree = "<group>"; };
		2D9F7BC21FC80E13007A1776 /* ChatingScreen.swift */ = {isa = PBXFileReference; fileEncoding = 4; lastKnownFileType = sourcecode.swift; path = ChatingScreen.swift; sourceTree = "<group>"; };
		2DD2C7541FC6E7B600639B43 /* alert.mp3 */ = {isa = PBXFileReference; lastKnownFileType = audio.mp3; path = alert.mp3; sourceTree = "<group>"; };
		2DD2C7561FC6E9A900639B43 /* AppDelegate.swift */ = {isa = PBXFileReference; fileEncoding = 4; lastKnownFileType = sourcecode.swift; path = AppDelegate.swift; sourceTree = "<group>"; };
		2DD2C75A1FC6E9E800639B43 /* ChatList.swift */ = {isa = PBXFileReference; fileEncoding = 4; lastKnownFileType = sourcecode.swift; path = ChatList.swift; sourceTree = "<group>"; };
		2DD2C75C1FC6EA0E00639B43 /* MyProfile.swift */ = {isa = PBXFileReference; fileEncoding = 4; lastKnownFileType = sourcecode.swift; path = MyProfile.swift; sourceTree = "<group>"; };
		2DD2C75E1FC6EB2B00639B43 /* ViewController.swift */ = {isa = PBXFileReference; fileEncoding = 4; lastKnownFileType = sourcecode.swift; path = ViewController.swift; sourceTree = "<group>"; };
		2DD47C6B1FDA6680009735D4 /* Reportitem.swift */ = {isa = PBXFileReference; lastKnownFileType = sourcecode.swift; path = Reportitem.swift; sourceTree = "<group>"; };
		2DD47C6D1FDA9F51009735D4 /* ReportitemDescription.swift */ = {isa = PBXFileReference; lastKnownFileType = sourcecode.swift; path = ReportitemDescription.swift; sourceTree = "<group>"; };
		440A0F8A1FA341D300A95ED1 /* WebViewScreen.swift */ = {isa = PBXFileReference; fileEncoding = 4; lastKnownFileType = sourcecode.swift; path = WebViewScreen.swift; sourceTree = "<group>"; };
		440A0F8C1FA3441D00A95ED1 /* About_English.html */ = {isa = PBXFileReference; fileEncoding = 4; lastKnownFileType = text.html; path = About_English.html; sourceTree = "<group>"; };
		440A0F8D1FA3441D00A95ED1 /* Terms_English.html */ = {isa = PBXFileReference; fileEncoding = 4; lastKnownFileType = text.html; path = Terms_English.html; sourceTree = "<group>"; };
		440A0F901FA3477300A95ED1 /* Notifications.swift */ = {isa = PBXFileReference; fileEncoding = 4; lastKnownFileType = sourcecode.swift; path = Notifications.swift; sourceTree = "<group>"; };
		4424904D1FA98F960060A640 /* MarkAsSold.swift */ = {isa = PBXFileReference; fileEncoding = 4; lastKnownFileType = sourcecode.swift; path = MarkAsSold.swift; sourceTree = "<group>"; };
		4424904F1FA9D2D50060A640 /* ChooseBuyer.swift */ = {isa = PBXFileReference; fileEncoding = 4; lastKnownFileType = sourcecode.swift; path = ChooseBuyer.swift; sourceTree = "<group>"; };
		442490511FA9D7960060A640 /* RateBuyer.swift */ = {isa = PBXFileReference; fileEncoding = 4; lastKnownFileType = sourcecode.swift; path = RateBuyer.swift; sourceTree = "<group>"; };
		442490561FA9E77E0060A640 /* AARatingBar.swift */ = {isa = PBXFileReference; fileEncoding = 4; lastKnownFileType = sourcecode.swift; path = AARatingBar.swift; sourceTree = "<group>"; };
		442C8A0A1FB079AD0047B070 /* Base */ = {isa = PBXFileReference; lastKnownFileType = file.storyboard; name = Base; path = Base.lproj/Main_Arabic.storyboard; sourceTree = "<group>"; };
		44E8D2901FB326770007DB8F /* postListCell.swift */ = {isa = PBXFileReference; fileEncoding = 4; lastKnownFileType = sourcecode.swift; path = postListCell.swift; sourceTree = "<group>"; };
		44E8D2921FB33EA60007DB8F /* ProfilePostListCell.swift */ = {isa = PBXFileReference; fileEncoding = 4; lastKnownFileType = sourcecode.swift; path = ProfilePostListCell.swift; sourceTree = "<group>"; };
		50A422F580B2FBE30C6717AB /* Pods_DealsTests.framework */ = {isa = PBXFileReference; explicitFileType = wrapper.framework; includeInIndex = 0; path = Pods_DealsTests.framework; sourceTree = BUILT_PRODUCTS_DIR; };
		56A95306863FCCC67E448C2B /* Pods-DealsTests.release.xcconfig */ = {isa = PBXFileReference; includeInIndex = 1; lastKnownFileType = text.xcconfig; name = "Pods-DealsTests.release.xcconfig"; path = "Pods/Target Support Files/Pods-DealsTests/Pods-DealsTests.release.xcconfig"; sourceTree = "<group>"; };
		6266724754E398B6CA4CC23E /* Pods-DealsTests.debug.xcconfig */ = {isa = PBXFileReference; includeInIndex = 1; lastKnownFileType = text.xcconfig; name = "Pods-DealsTests.debug.xcconfig"; path = "Pods/Target Support Files/Pods-DealsTests/Pods-DealsTests.debug.xcconfig"; sourceTree = "<group>"; };
		8B3F8A7923DACB98E5E1C7AA /* Pods-DealsUITests.release.xcconfig */ = {isa = PBXFileReference; includeInIndex = 1; lastKnownFileType = text.xcconfig; name = "Pods-DealsUITests.release.xcconfig"; path = "Pods/Target Support Files/Pods-DealsUITests/Pods-DealsUITests.release.xcconfig"; sourceTree = "<group>"; };
		9479A7490100D5895D44D326 /* Pods-Deals.debug.xcconfig */ = {isa = PBXFileReference; includeInIndex = 1; lastKnownFileType = text.xcconfig; name = "Pods-Deals.debug.xcconfig"; path = "Pods/Target Support Files/Pods-Deals/Pods-Deals.debug.xcconfig"; sourceTree = "<group>"; };
		A7EA440DF1DC5D45D64C5827 /* Pods_DealsUITests.framework */ = {isa = PBXFileReference; explicitFileType = wrapper.framework; includeInIndex = 0; path = Pods_DealsUITests.framework; sourceTree = BUILT_PRODUCTS_DIR; };
		E401C3AF1FC0A9D200F0C6CE /* SelectCountryCity.swift */ = {isa = PBXFileReference; fileEncoding = 4; lastKnownFileType = sourcecode.swift; path = SelectCountryCity.swift; sourceTree = "<group>"; };
		E409652E1F8EA29200C0D92F /* CountryCityList.swift */ = {isa = PBXFileReference; fileEncoding = 4; lastKnownFileType = sourcecode.swift; path = CountryCityList.swift; sourceTree = "<group>"; };
		E442E9F61FB616AB0023A92F /* GoogleService-Info.plist */ = {isa = PBXFileReference; fileEncoding = 4; lastKnownFileType = text.plist.xml; path = "GoogleService-Info.plist"; sourceTree = "<group>"; };
		E447110C1FB0D6E4001D1D3C /* ImageShow.swift */ = {isa = PBXFileReference; fileEncoding = 4; lastKnownFileType = sourcecode.swift; path = ImageShow.swift; sourceTree = "<group>"; };
		E447110F1FB0DC45001D1D3C /* SF-UI-Text-Light.otf */ = {isa = PBXFileReference; lastKnownFileType = file; path = "SF-UI-Text-Light.otf"; sourceTree = "<group>"; };
		E44711101FB0DC45001D1D3C /* SF-UI-Text-Medium.otf */ = {isa = PBXFileReference; lastKnownFileType = file; path = "SF-UI-Text-Medium.otf"; sourceTree = "<group>"; };
		E44711111FB0DC45001D1D3C /* SF-UI-Text-Regular.otf */ = {isa = PBXFileReference; lastKnownFileType = file; path = "SF-UI-Text-Regular.otf"; sourceTree = "<group>"; };
		E44711121FB0DC45001D1D3C /* SF-UI-Text-Semibold.otf */ = {isa = PBXFileReference; lastKnownFileType = file; path = "SF-UI-Text-Semibold.otf"; sourceTree = "<group>"; };
		E447112C1FB0E4AA001D1D3C /* ar */ = {isa = PBXFileReference; lastKnownFileType = text.plist.strings; name = ar; path = ar.lproj/Localizable.strings; sourceTree = "<group>"; };
		E447112D1FB0E901001D1D3C /* Base */ = {isa = PBXFileReference; lastKnownFileType = text.plist.strings; name = Base; path = Base.lproj/Localizable.strings; sourceTree = "<group>"; };
		E45A15921FA4F29D004F2CD7 /* UpdatePost.swift */ = {isa = PBXFileReference; fileEncoding = 4; lastKnownFileType = sourcecode.swift; path = UpdatePost.swift; sourceTree = "<group>"; };
		E478C5F11F7E8EF600EAAA26 /* MenuView.swift */ = {isa = PBXFileReference; fileEncoding = 4; lastKnownFileType = sourcecode.swift; path = MenuView.swift; sourceTree = "<group>"; };
		E478C62F1F7E927600EAAA26 /* Deals-Bridging-Header.h */ = {isa = PBXFileReference; lastKnownFileType = sourcecode.c.h; path = "Deals-Bridging-Header.h"; sourceTree = SOURCE_ROOT; };
		E478C6391F81332900EAAA26 /* SWRevealViewController.h */ = {isa = PBXFileReference; fileEncoding = 4; lastKnownFileType = sourcecode.c.h; name = SWRevealViewController.h; path = SWReavealController/SWRevealViewController.h; sourceTree = "<group>"; };
		E478C63A1F81332900EAAA26 /* SWRevealViewController.m */ = {isa = PBXFileReference; fileEncoding = 4; lastKnownFileType = sourcecode.c.objc; name = SWRevealViewController.m; path = SWReavealController/SWRevealViewController.m; sourceTree = "<group>"; };
		E488D2D91F72E2F400523E25 /* Deals.app */ = {isa = PBXFileReference; explicitFileType = wrapper.application; includeInIndex = 0; path = Deals.app; sourceTree = BUILT_PRODUCTS_DIR; };
		E488D2E11F72E2F400523E25 /* Base */ = {isa = PBXFileReference; lastKnownFileType = file.storyboard; name = Base; path = Base.lproj/Main.storyboard; sourceTree = "<group>"; };
		E488D2E61F72E2F400523E25 /* Base */ = {isa = PBXFileReference; lastKnownFileType = file.storyboard; name = Base; path = Base.lproj/LaunchScreen.storyboard; sourceTree = "<group>"; };
		E488D2E81F72E2F400523E25 /* Info.plist */ = {isa = PBXFileReference; lastKnownFileType = text.plist.xml; path = Info.plist; sourceTree = "<group>"; };
		E488D2ED1F72E2F400523E25 /* DealsTests.xctest */ = {isa = PBXFileReference; explicitFileType = wrapper.cfbundle; includeInIndex = 0; path = DealsTests.xctest; sourceTree = BUILT_PRODUCTS_DIR; };
		E488D2F11F72E2F400523E25 /* DealsTests.swift */ = {isa = PBXFileReference; lastKnownFileType = sourcecode.swift; path = DealsTests.swift; sourceTree = "<group>"; };
		E488D2F31F72E2F400523E25 /* Info.plist */ = {isa = PBXFileReference; lastKnownFileType = text.plist.xml; path = Info.plist; sourceTree = "<group>"; };
		E488D2F81F72E2F400523E25 /* DealsUITests.xctest */ = {isa = PBXFileReference; explicitFileType = wrapper.cfbundle; includeInIndex = 0; path = DealsUITests.xctest; sourceTree = BUILT_PRODUCTS_DIR; };
		E488D2FC1F72E2F500523E25 /* DealsUITests.swift */ = {isa = PBXFileReference; lastKnownFileType = sourcecode.swift; path = DealsUITests.swift; sourceTree = "<group>"; };
		E488D2FE1F72E2F500523E25 /* Info.plist */ = {isa = PBXFileReference; lastKnownFileType = text.plist.xml; path = Info.plist; sourceTree = "<group>"; };
		E488D32F1F72E7C000523E25 /* SelectLanguage.swift */ = {isa = PBXFileReference; fileEncoding = 4; lastKnownFileType = sourcecode.swift; path = SelectLanguage.swift; sourceTree = "<group>"; };
		E488D3311F72E7D000523E25 /* Login.swift */ = {isa = PBXFileReference; fileEncoding = 4; lastKnownFileType = sourcecode.swift; path = Login.swift; sourceTree = "<group>"; };
		E488D3331F72E7E000523E25 /* SignUp.swift */ = {isa = PBXFileReference; fileEncoding = 4; lastKnownFileType = sourcecode.swift; path = SignUp.swift; sourceTree = "<group>"; };
		E488D3351F72E7F300523E25 /* ForgotPassword.swift */ = {isa = PBXFileReference; fileEncoding = 4; lastKnownFileType = sourcecode.swift; path = ForgotPassword.swift; sourceTree = "<group>"; };
		E488D36B1F88CB1F00E270FF /* CheckInternet.swift */ = {isa = PBXFileReference; fileEncoding = 4; lastKnownFileType = sourcecode.swift; name = CheckInternet.swift; path = Deals/CheckInternet.swift; sourceTree = "<group>"; };
		E488D36D1F88EC0700E270FF /* Deals.entitlements */ = {isa = PBXFileReference; lastKnownFileType = text.plist.entitlements; path = Deals.entitlements; sourceTree = "<group>"; };
		E488D3741F895E9400E270FF /* AddPost.swift */ = {isa = PBXFileReference; fileEncoding = 4; lastKnownFileType = sourcecode.swift; path = AddPost.swift; sourceTree = "<group>"; };
		E488D3761F895EA300E270FF /* Category.swift */ = {isa = PBXFileReference; fileEncoding = 4; lastKnownFileType = sourcecode.swift; path = Category.swift; sourceTree = "<group>"; };
		E488D37A1F8962E200E270FF /* About.swift */ = {isa = PBXFileReference; fileEncoding = 4; lastKnownFileType = sourcecode.swift; path = About.swift; sourceTree = "<group>"; };
		E488D37C1F8963D900E270FF /* PostDetails.swift */ = {isa = PBXFileReference; fileEncoding = 4; lastKnownFileType = sourcecode.swift; path = PostDetails.swift; sourceTree = "<group>"; };
		E4F040581F8FB89E00E75FE8 /* UpdateProfile.swift */ = {isa = PBXFileReference; fileEncoding = 4; lastKnownFileType = sourcecode.swift; path = UpdateProfile.swift; sourceTree = "<group>"; };
		E4F0405A1F8FE25200E75FE8 /* CoreLocation.framework */ = {isa = PBXFileReference; lastKnownFileType = wrapper.framework; name = CoreLocation.framework; path = System/Library/Frameworks/CoreLocation.framework; sourceTree = SDKROOT; };
		E4F737DF1F88C3B100403BFF /* constant.swift */ = {isa = PBXFileReference; fileEncoding = 4; lastKnownFileType = sourcecode.swift; name = constant.swift; path = Deals/constant.swift; sourceTree = "<group>"; };
		E4F737E01F88C3B100403BFF /* customclass.swift */ = {isa = PBXFileReference; fileEncoding = 4; lastKnownFileType = sourcecode.swift; name = customclass.swift; path = Deals/customclass.swift; sourceTree = "<group>"; };
/* End PBXFileReference section */

/* Begin PBXFrameworksBuildPhase section */
		E488D2D61F72E2F400523E25 /* Frameworks */ = {
			isa = PBXFrameworksBuildPhase;
			buildActionMask = 2147483647;
			files = (
				E4F0405B1F8FE25200E75FE8 /* CoreLocation.framework in Frameworks */,
				824AA6DEC221E05039273139 /* Pods_Deals.framework in Frameworks */,
			);
			runOnlyForDeploymentPostprocessing = 0;
		};
		E488D2EA1F72E2F400523E25 /* Frameworks */ = {
			isa = PBXFrameworksBuildPhase;
			buildActionMask = 2147483647;
			files = (
				BE2857E0113C6273B8F8079F /* Pods_DealsTests.framework in Frameworks */,
			);
			runOnlyForDeploymentPostprocessing = 0;
		};
		E488D2F51F72E2F400523E25 /* Frameworks */ = {
			isa = PBXFrameworksBuildPhase;
			buildActionMask = 2147483647;
			files = (
				C6CEE34DCA5C54C9CFA1FAFE /* Pods_DealsUITests.framework in Frameworks */,
			);
			runOnlyForDeploymentPostprocessing = 0;
		};
/* End PBXFrameworksBuildPhase section */

/* Begin PBXGroup section */
		440A0F921FA34A1800A95ED1 /* HTML */ = {
			isa = PBXGroup;
			children = (
				440A0F8C1FA3441D00A95ED1 /* About_English.html */,
				440A0F8D1FA3441D00A95ED1 /* Terms_English.html */,
			);
			name = HTML;
			sourceTree = "<group>";
		};
		442490531FA9E5AC0060A640 /* AARatingBar */ = {
			isa = PBXGroup;
			children = (
				442490561FA9E77E0060A640 /* AARatingBar.swift */,
			);
			name = AARatingBar;
			sourceTree = "<group>";
		};
		E447110E1FB0DC45001D1D3C /* Fonts */ = {
			isa = PBXGroup;
			children = (
				E447110F1FB0DC45001D1D3C /* SF-UI-Text-Light.otf */,
				E44711101FB0DC45001D1D3C /* SF-UI-Text-Medium.otf */,
				E44711111FB0DC45001D1D3C /* SF-UI-Text-Regular.otf */,
				E44711121FB0DC45001D1D3C /* SF-UI-Text-Semibold.otf */,
			);
			path = Fonts;
			sourceTree = "<group>";
		};
		E478C62E1F7E926300EAAA26 /* SWRevealController */ = {
			isa = PBXGroup;
			children = (
				E478C6391F81332900EAAA26 /* SWRevealViewController.h */,
				E478C63A1F81332900EAAA26 /* SWRevealViewController.m */,
			);
			name = SWRevealController;
			sourceTree = "<group>";
		};
		E488D2D01F72E2F400523E25 = {
			isa = PBXGroup;
			children = (
				E447110E1FB0DC45001D1D3C /* Fonts */,
				442490531FA9E5AC0060A640 /* AARatingBar */,
				440A0F921FA34A1800A95ED1 /* HTML */,
				E4F737DE1F88C37E00403BFF /* Custom Class */,
				E478C62E1F7E926300EAAA26 /* SWRevealController */,
				E488D2DB1F72E2F400523E25 /* Deals */,
				E488D2F01F72E2F400523E25 /* DealsTests */,
				E488D2FB1F72E2F400523E25 /* DealsUITests */,
				E488D2DA1F72E2F400523E25 /* Products */,
				F8455F7B63CC718AF844DCA0 /* Pods */,
				E60756298321977DD0332A91 /* Frameworks */,
			);
			sourceTree = "<group>";
		};
		E488D2DA1F72E2F400523E25 /* Products */ = {
			isa = PBXGroup;
			children = (
				E488D2D91F72E2F400523E25 /* Deals.app */,
				E488D2ED1F72E2F400523E25 /* DealsTests.xctest */,
				E488D2F81F72E2F400523E25 /* DealsUITests.xctest */,
			);
			name = Products;
			sourceTree = "<group>";
		};
		E488D2DB1F72E2F400523E25 /* Deals */ = {
			isa = PBXGroup;
			children = (
				E488D36D1F88EC0700E270FF /* Deals.entitlements */,
				2DD2C7561FC6E9A900639B43 /* AppDelegate.swift */,
				2DD2C75E1FC6EB2B00639B43 /* ViewController.swift */,
				44E8D2901FB326770007DB8F /* postListCell.swift */,
				E401C3AF1FC0A9D200F0C6CE /* SelectCountryCity.swift */,
				E488D3311F72E7D000523E25 /* Login.swift */,
				E488D3331F72E7E000523E25 /* SignUp.swift */,
				E488D3351F72E7F300523E25 /* ForgotPassword.swift */,
				E478C5F11F7E8EF600EAAA26 /* MenuView.swift */,
				E488D32F1F72E7C000523E25 /* SelectLanguage.swift */,
				2DD2C75C1FC6EA0E00639B43 /* MyProfile.swift */,
				44E8D2921FB33EA60007DB8F /* ProfilePostListCell.swift */,
				E45A15921FA4F29D004F2CD7 /* UpdatePost.swift */,
				E488D3741F895E9400E270FF /* AddPost.swift */,
				E488D3761F895EA300E270FF /* Category.swift */,
				E409652E1F8EA29200C0D92F /* CountryCityList.swift */,
				2DD2C75A1FC6E9E800639B43 /* ChatList.swift */,
				2D9F7BC21FC80E13007A1776 /* ChatingScreen.swift */,
				E488D37A1F8962E200E270FF /* About.swift */,
				E488D37C1F8963D900E270FF /* PostDetails.swift */,
				E4F040581F8FB89E00E75FE8 /* UpdateProfile.swift */,
				440A0F8A1FA341D300A95ED1 /* WebViewScreen.swift */,
				440A0F901FA3477300A95ED1 /* Notifications.swift */,
				4424904D1FA98F960060A640 /* MarkAsSold.swift */,
				4424904F1FA9D2D50060A640 /* ChooseBuyer.swift */,
				442490511FA9D7960060A640 /* RateBuyer.swift */,
				E447110C1FB0D6E4001D1D3C /* ImageShow.swift */,
				2DD47C6B1FDA6680009735D4 /* Reportitem.swift */,
				2DD47C6D1FDA9F51009735D4 /* ReportitemDescription.swift */,
				2D9A7B461FDE807A0069A2E2 /* ReportUser.swift */,
				2D9A7B481FDE80AD0069A2E2 /* ReportUserDescription.swift */,
				2D0E73EA1FE2627000A57E09 /* MapPlacePicker.swift */,
				2D001A8A1FEA6465001A31BE /* MapItemPost.swift */,
				E447112B1FB0E4A8001D1D3C /* Localizable.strings */,
				2DD2C7541FC6E7B600639B43 /* alert.mp3 */,
				442C8A091FB079AD0047B070 /* Main_Arabic.storyboard */,
				E488D2E01F72E2F400523E25 /* Main.storyboard */,
				2D8F4B931FC59D1600293E8A /* assets.xcassets */,
				E488D2E51F72E2F400523E25 /* LaunchScreen.storyboard */,
				E488D2E81F72E2F400523E25 /* Info.plist */,
				E442E9F61FB616AB0023A92F /* GoogleService-Info.plist */,
				E478C62F1F7E927600EAAA26 /* Deals-Bridging-Header.h */,
			);
			path = Deals;
			sourceTree = "<group>";
		};
		E488D2F01F72E2F400523E25 /* DealsTests */ = {
			isa = PBXGroup;
			children = (
				E488D2F11F72E2F400523E25 /* DealsTests.swift */,
				E488D2F31F72E2F400523E25 /* Info.plist */,
			);
			path = DealsTests;
			sourceTree = "<group>";
		};
		E488D2FB1F72E2F400523E25 /* DealsUITests */ = {
			isa = PBXGroup;
			children = (
				E488D2FC1F72E2F500523E25 /* DealsUITests.swift */,
				E488D2FE1F72E2F500523E25 /* Info.plist */,
			);
			path = DealsUITests;
			sourceTree = "<group>";
		};
		E4F737DE1F88C37E00403BFF /* Custom Class */ = {
			isa = PBXGroup;
			children = (
				E488D36B1F88CB1F00E270FF /* CheckInternet.swift */,
				E4F737DF1F88C3B100403BFF /* constant.swift */,
				E4F737E01F88C3B100403BFF /* customclass.swift */,
			);
			name = "Custom Class";
			sourceTree = "<group>";
		};
		E60756298321977DD0332A91 /* Frameworks */ = {
			isa = PBXGroup;
			children = (
				E4F0405A1F8FE25200E75FE8 /* CoreLocation.framework */,
				0DFF6CD624C0B7839520F490 /* Pods_Deals.framework */,
				50A422F580B2FBE30C6717AB /* Pods_DealsTests.framework */,
				A7EA440DF1DC5D45D64C5827 /* Pods_DealsUITests.framework */,
			);
			name = Frameworks;
			sourceTree = "<group>";
		};
		F8455F7B63CC718AF844DCA0 /* Pods */ = {
			isa = PBXGroup;
			children = (
				9479A7490100D5895D44D326 /* Pods-Deals.debug.xcconfig */,
				239DE53EBFB48F0302F03A2D /* Pods-Deals.release.xcconfig */,
				6266724754E398B6CA4CC23E /* Pods-DealsTests.debug.xcconfig */,
				56A95306863FCCC67E448C2B /* Pods-DealsTests.release.xcconfig */,
				26A223DAFF4EF1A9C880E989 /* Pods-DealsUITests.debug.xcconfig */,
				8B3F8A7923DACB98E5E1C7AA /* Pods-DealsUITests.release.xcconfig */,
			);
			name = Pods;
			sourceTree = "<group>";
		};
/* End PBXGroup section */

/* Begin PBXNativeTarget section */
		E488D2D81F72E2F400523E25 /* Deals */ = {
			isa = PBXNativeTarget;
			buildConfigurationList = E488D3011F72E2F500523E25 /* Build configuration list for PBXNativeTarget "Deals" */;
			buildPhases = (
				6FA30BC30638F5198961C113 /* [CP] Check Pods Manifest.lock */,
				E488D2D51F72E2F400523E25 /* Sources */,
				E488D2D61F72E2F400523E25 /* Frameworks */,
				E488D2D71F72E2F400523E25 /* Resources */,
				EA3E4F8D0B2A25111F970921 /* [CP] Embed Pods Frameworks */,
				760C1394B18B592C2C895EC8 /* [CP] Copy Pods Resources */,
			);
			buildRules = (
			);
			dependencies = (
			);
			name = Deals;
			productName = Deals;
			productReference = E488D2D91F72E2F400523E25 /* Deals.app */;
			productType = "com.apple.product-type.application";
		};
		E488D2EC1F72E2F400523E25 /* DealsTests */ = {
			isa = PBXNativeTarget;
			buildConfigurationList = E488D3041F72E2F500523E25 /* Build configuration list for PBXNativeTarget "DealsTests" */;
			buildPhases = (
				59E6CE72B9562C8F9CC6EB3C /* [CP] Check Pods Manifest.lock */,
				E488D2E91F72E2F400523E25 /* Sources */,
				E488D2EA1F72E2F400523E25 /* Frameworks */,
				E488D2EB1F72E2F400523E25 /* Resources */,
				DF3F720D3697C5D5771123BC /* [CP] Embed Pods Frameworks */,
				47CF1375BC79304B08229E8C /* [CP] Copy Pods Resources */,
			);
			buildRules = (
			);
			dependencies = (
				E488D2EF1F72E2F400523E25 /* PBXTargetDependency */,
			);
			name = DealsTests;
			productName = DealsTests;
			productReference = E488D2ED1F72E2F400523E25 /* DealsTests.xctest */;
			productType = "com.apple.product-type.bundle.unit-test";
		};
		E488D2F71F72E2F400523E25 /* DealsUITests */ = {
			isa = PBXNativeTarget;
			buildConfigurationList = E488D3071F72E2F500523E25 /* Build configuration list for PBXNativeTarget "DealsUITests" */;
			buildPhases = (
				BD4F35071E97A1569D048812 /* [CP] Check Pods Manifest.lock */,
				E488D2F41F72E2F400523E25 /* Sources */,
				E488D2F51F72E2F400523E25 /* Frameworks */,
				E488D2F61F72E2F400523E25 /* Resources */,
				C16098F1CA925A98FA1D3C71 /* [CP] Embed Pods Frameworks */,
				80C6786271C703302EB7EA35 /* [CP] Copy Pods Resources */,
			);
			buildRules = (
			);
			dependencies = (
				E488D2FA1F72E2F400523E25 /* PBXTargetDependency */,
			);
			name = DealsUITests;
			productName = DealsUITests;
			productReference = E488D2F81F72E2F400523E25 /* DealsUITests.xctest */;
			productType = "com.apple.product-type.bundle.ui-testing";
		};
/* End PBXNativeTarget section */

/* Begin PBXProject section */
		E488D2D11F72E2F400523E25 /* Project object */ = {
			isa = PBXProject;
			attributes = {
				LastSwiftUpdateCheck = 0830;
				LastUpgradeCheck = 0830;
				ORGANIZATIONNAME = "Mohit Thakkar";
				TargetAttributes = {
					E488D2D81F72E2F400523E25 = {
						CreatedOnToolsVersion = 8.3.3;
						DevelopmentTeam = 5D6D97Q67Z;
						LastSwiftMigration = 0830;
						ProvisioningStyle = Manual;
						SystemCapabilities = {
							com.apple.BackgroundModes = {
								enabled = 1;
							};
							com.apple.Push = {
								enabled = 1;
							};
						};
					};
					E488D2EC1F72E2F400523E25 = {
						CreatedOnToolsVersion = 8.3.3;
						ProvisioningStyle = Automatic;
						TestTargetID = E488D2D81F72E2F400523E25;
					};
					E488D2F71F72E2F400523E25 = {
						CreatedOnToolsVersion = 8.3.3;
						ProvisioningStyle = Automatic;
						TestTargetID = E488D2D81F72E2F400523E25;
					};
				};
			};
			buildConfigurationList = E488D2D41F72E2F400523E25 /* Build configuration list for PBXProject "Deals" */;
			compatibilityVersion = "Xcode 3.2";
			developmentRegion = English;
			hasScannedForEncodings = 0;
			knownRegions = (
				en,
				Base,
				ar,
			);
			mainGroup = E488D2D01F72E2F400523E25;
			productRefGroup = E488D2DA1F72E2F400523E25 /* Products */;
			projectDirPath = "";
			projectRoot = "";
			targets = (
				E488D2D81F72E2F400523E25 /* Deals */,
				E488D2EC1F72E2F400523E25 /* DealsTests */,
				E488D2F71F72E2F400523E25 /* DealsUITests */,
			);
		};
/* End PBXProject section */

/* Begin PBXResourcesBuildPhase section */
		E488D2D71F72E2F400523E25 /* Resources */ = {
			isa = PBXResourcesBuildPhase;
			buildActionMask = 2147483647;
			files = (
				E44711161FB0DC45001D1D3C /* SF-UI-Text-Semibold.otf in Resources */,
				E44711291FB0E4A8001D1D3C /* Localizable.strings in Resources */,
				2D8F4B941FC59D1700293E8A /* assets.xcassets in Resources */,
				440A0F8F1FA3441D00A95ED1 /* Terms_English.html in Resources */,
				E488D2E71F72E2F400523E25 /* LaunchScreen.storyboard in Resources */,
				E44711151FB0DC45001D1D3C /* SF-UI-Text-Regular.otf in Resources */,
				E442E9F71FB616AB0023A92F /* GoogleService-Info.plist in Resources */,
				2DD2C7551FC6E7B700639B43 /* alert.mp3 in Resources */,
				442C8A0B1FB079AD0047B070 /* Main_Arabic.storyboard in Resources */,
				440A0F8E1FA3441D00A95ED1 /* About_English.html in Resources */,
				E488D2E21F72E2F400523E25 /* Main.storyboard in Resources */,
				E44711131FB0DC45001D1D3C /* SF-UI-Text-Light.otf in Resources */,
				E44711141FB0DC45001D1D3C /* SF-UI-Text-Medium.otf in Resources */,
			);
			runOnlyForDeploymentPostprocessing = 0;
		};
		E488D2EB1F72E2F400523E25 /* Resources */ = {
			isa = PBXResourcesBuildPhase;
			buildActionMask = 2147483647;
			files = (
			);
			runOnlyForDeploymentPostprocessing = 0;
		};
		E488D2F61F72E2F400523E25 /* Resources */ = {
			isa = PBXResourcesBuildPhase;
			buildActionMask = 2147483647;
			files = (
			);
			runOnlyForDeploymentPostprocessing = 0;
		};
/* End PBXResourcesBuildPhase section */

/* Begin PBXShellScriptBuildPhase section */
		47CF1375BC79304B08229E8C /* [CP] Copy Pods Resources */ = {
			isa = PBXShellScriptBuildPhase;
			buildActionMask = 2147483647;
			files = (
			);
			inputPaths = (
			);
			name = "[CP] Copy Pods Resources";
			outputPaths = (
			);
			runOnlyForDeploymentPostprocessing = 0;
			shellPath = /bin/sh;
			shellScript = "\"${SRCROOT}/Pods/Target Support Files/Pods-DealsTests/Pods-DealsTests-resources.sh\"\n";
			showEnvVarsInLog = 0;
		};
		59E6CE72B9562C8F9CC6EB3C /* [CP] Check Pods Manifest.lock */ = {
			isa = PBXShellScriptBuildPhase;
			buildActionMask = 2147483647;
			files = (
			);
			inputPaths = (
				"${PODS_PODFILE_DIR_PATH}/Podfile.lock",
				"${PODS_ROOT}/Manifest.lock",
			);
			name = "[CP] Check Pods Manifest.lock";
			outputPaths = (
				"$(DERIVED_FILE_DIR)/Pods-DealsTests-checkManifestLockResult.txt",
			);
			runOnlyForDeploymentPostprocessing = 0;
			shellPath = /bin/sh;
			shellScript = "diff \"${PODS_PODFILE_DIR_PATH}/Podfile.lock\" \"${PODS_ROOT}/Manifest.lock\" > /dev/null\nif [ $? != 0 ] ; then\n    # print error to STDERR\n    echo \"error: The sandbox is not in sync with the Podfile.lock. Run 'pod install' or update your CocoaPods installation.\" >&2\n    exit 1\nfi\n# This output is used by Xcode 'outputs' to avoid re-running this script phase.\necho \"SUCCESS\" > \"${SCRIPT_OUTPUT_FILE_0}\"\n";
			showEnvVarsInLog = 0;
		};
		6FA30BC30638F5198961C113 /* [CP] Check Pods Manifest.lock */ = {
			isa = PBXShellScriptBuildPhase;
			buildActionMask = 2147483647;
			files = (
			);
			inputPaths = (
				"${PODS_PODFILE_DIR_PATH}/Podfile.lock",
				"${PODS_ROOT}/Manifest.lock",
			);
			name = "[CP] Check Pods Manifest.lock";
			outputPaths = (
				"$(DERIVED_FILE_DIR)/Pods-Deals-checkManifestLockResult.txt",
			);
			runOnlyForDeploymentPostprocessing = 0;
			shellPath = /bin/sh;
			shellScript = "diff \"${PODS_PODFILE_DIR_PATH}/Podfile.lock\" \"${PODS_ROOT}/Manifest.lock\" > /dev/null\nif [ $? != 0 ] ; then\n    # print error to STDERR\n    echo \"error: The sandbox is not in sync with the Podfile.lock. Run 'pod install' or update your CocoaPods installation.\" >&2\n    exit 1\nfi\n# This output is used by Xcode 'outputs' to avoid re-running this script phase.\necho \"SUCCESS\" > \"${SCRIPT_OUTPUT_FILE_0}\"\n";
			showEnvVarsInLog = 0;
		};
		760C1394B18B592C2C895EC8 /* [CP] Copy Pods Resources */ = {
			isa = PBXShellScriptBuildPhase;
			buildActionMask = 2147483647;
			files = (
			);
			inputPaths = (
				"${SRCROOT}/Pods/Target Support Files/Pods-Deals/Pods-Deals-resources.sh",
				"${PODS_ROOT}/GoogleMaps/Maps/Frameworks/GoogleMaps.framework/Resources/GoogleMaps.bundle",
				"${PODS_ROOT}/GooglePlaces/Frameworks/GooglePlaces.framework/Resources/GooglePlaces.bundle",
			);
			name = "[CP] Copy Pods Resources";
			outputPaths = (
				"${TARGET_BUILD_DIR}/${UNLOCALIZED_RESOURCES_FOLDER_PATH}",
			);
			runOnlyForDeploymentPostprocessing = 0;
			shellPath = /bin/sh;
			shellScript = "\"${SRCROOT}/Pods/Target Support Files/Pods-Deals/Pods-Deals-resources.sh\"\n";
			showEnvVarsInLog = 0;
		};
		80C6786271C703302EB7EA35 /* [CP] Copy Pods Resources */ = {
			isa = PBXShellScriptBuildPhase;
			buildActionMask = 2147483647;
			files = (
			);
			inputPaths = (
			);
			name = "[CP] Copy Pods Resources";
			outputPaths = (
			);
			runOnlyForDeploymentPostprocessing = 0;
			shellPath = /bin/sh;
			shellScript = "\"${SRCROOT}/Pods/Target Support Files/Pods-DealsUITests/Pods-DealsUITests-resources.sh\"\n";
			showEnvVarsInLog = 0;
		};
		BD4F35071E97A1569D048812 /* [CP] Check Pods Manifest.lock */ = {
			isa = PBXShellScriptBuildPhase;
			buildActionMask = 2147483647;
			files = (
			);
			inputPaths = (
				"${PODS_PODFILE_DIR_PATH}/Podfile.lock",
				"${PODS_ROOT}/Manifest.lock",
			);
			name = "[CP] Check Pods Manifest.lock";
			outputPaths = (
				"$(DERIVED_FILE_DIR)/Pods-DealsUITests-checkManifestLockResult.txt",
			);
			runOnlyForDeploymentPostprocessing = 0;
			shellPath = /bin/sh;
			shellScript = "diff \"${PODS_PODFILE_DIR_PATH}/Podfile.lock\" \"${PODS_ROOT}/Manifest.lock\" > /dev/null\nif [ $? != 0 ] ; then\n    # print error to STDERR\n    echo \"error: The sandbox is not in sync with the Podfile.lock. Run 'pod install' or update your CocoaPods installation.\" >&2\n    exit 1\nfi\n# This output is used by Xcode 'outputs' to avoid re-running this script phase.\necho \"SUCCESS\" > \"${SCRIPT_OUTPUT_FILE_0}\"\n";
			showEnvVarsInLog = 0;
		};
		C16098F1CA925A98FA1D3C71 /* [CP] Embed Pods Frameworks */ = {
			isa = PBXShellScriptBuildPhase;
			buildActionMask = 2147483647;
			files = (
			);
			inputPaths = (
			);
			name = "[CP] Embed Pods Frameworks";
			outputPaths = (
			);
			runOnlyForDeploymentPostprocessing = 0;
			shellPath = /bin/sh;
			shellScript = "\"${SRCROOT}/Pods/Target Support Files/Pods-DealsUITests/Pods-DealsUITests-frameworks.sh\"\n";
			showEnvVarsInLog = 0;
		};
		DF3F720D3697C5D5771123BC /* [CP] Embed Pods Frameworks */ = {
			isa = PBXShellScriptBuildPhase;
			buildActionMask = 2147483647;
			files = (
			);
			inputPaths = (
			);
			name = "[CP] Embed Pods Frameworks";
			outputPaths = (
			);
			runOnlyForDeploymentPostprocessing = 0;
			shellPath = /bin/sh;
			shellScript = "\"${SRCROOT}/Pods/Target Support Files/Pods-DealsTests/Pods-DealsTests-frameworks.sh\"\n";
			showEnvVarsInLog = 0;
		};
		EA3E4F8D0B2A25111F970921 /* [CP] Embed Pods Frameworks */ = {
			isa = PBXShellScriptBuildPhase;
			buildActionMask = 2147483647;
			files = (
			);
			inputPaths = (
				"${SRCROOT}/Pods/Target Support Files/Pods-Deals/Pods-Deals-frameworks.sh",
				"${BUILT_PRODUCTS_DIR}/Alamofire/Alamofire.framework",
				"${BUILT_PRODUCTS_DIR}/AlamofireImage/AlamofireImage.framework",
				"${BUILT_PRODUCTS_DIR}/Bolts/Bolts.framework",
				"${BUILT_PRODUCTS_DIR}/FBSDKCoreKit/FBSDKCoreKit.framework",
				"${BUILT_PRODUCTS_DIR}/FBSDKLoginKit/FBSDKLoginKit.framework",
				"${BUILT_PRODUCTS_DIR}/FBSDKShareKit/FBSDKShareKit.framework",
				"${BUILT_PRODUCTS_DIR}/FacebookCore/FacebookCore.framework",
				"${BUILT_PRODUCTS_DIR}/FacebookLogin/FacebookLogin.framework",
				"${BUILT_PRODUCTS_DIR}/FacebookShare/FacebookShare.framework",
				"${BUILT_PRODUCTS_DIR}/GoogleToolboxForMac/GoogleToolboxForMac.framework",
				"${BUILT_PRODUCTS_DIR}/JSQMessagesViewController/JSQMessagesViewController.framework",
				"${BUILT_PRODUCTS_DIR}/JSQSystemSoundPlayer/JSQSystemSoundPlayer.framework",
				"${BUILT_PRODUCTS_DIR}/MBProgressHUD/MBProgressHUD.framework",
				"${BUILT_PRODUCTS_DIR}/PinterestLayout/PinterestLayout.framework",
				"${BUILT_PRODUCTS_DIR}/Protobuf/Protobuf.framework",
				"${BUILT_PRODUCTS_DIR}/nanopb/nanopb.framework",
			);
			name = "[CP] Embed Pods Frameworks";
			outputPaths = (
				"${TARGET_BUILD_DIR}/${FRAMEWORKS_FOLDER_PATH}/Alamofire.framework",
				"${TARGET_BUILD_DIR}/${FRAMEWORKS_FOLDER_PATH}/AlamofireImage.framework",
				"${TARGET_BUILD_DIR}/${FRAMEWORKS_FOLDER_PATH}/Bolts.framework",
				"${TARGET_BUILD_DIR}/${FRAMEWORKS_FOLDER_PATH}/FBSDKCoreKit.framework",
				"${TARGET_BUILD_DIR}/${FRAMEWORKS_FOLDER_PATH}/FBSDKLoginKit.framework",
				"${TARGET_BUILD_DIR}/${FRAMEWORKS_FOLDER_PATH}/FBSDKShareKit.framework",
				"${TARGET_BUILD_DIR}/${FRAMEWORKS_FOLDER_PATH}/FacebookCore.framework",
				"${TARGET_BUILD_DIR}/${FRAMEWORKS_FOLDER_PATH}/FacebookLogin.framework",
				"${TARGET_BUILD_DIR}/${FRAMEWORKS_FOLDER_PATH}/FacebookShare.framework",
				"${TARGET_BUILD_DIR}/${FRAMEWORKS_FOLDER_PATH}/GoogleToolboxForMac.framework",
				"${TARGET_BUILD_DIR}/${FRAMEWORKS_FOLDER_PATH}/JSQMessagesViewController.framework",
				"${TARGET_BUILD_DIR}/${FRAMEWORKS_FOLDER_PATH}/JSQSystemSoundPlayer.framework",
				"${TARGET_BUILD_DIR}/${FRAMEWORKS_FOLDER_PATH}/MBProgressHUD.framework",
				"${TARGET_BUILD_DIR}/${FRAMEWORKS_FOLDER_PATH}/PinterestLayout.framework",
				"${TARGET_BUILD_DIR}/${FRAMEWORKS_FOLDER_PATH}/Protobuf.framework",
				"${TARGET_BUILD_DIR}/${FRAMEWORKS_FOLDER_PATH}/nanopb.framework",
			);
			runOnlyForDeploymentPostprocessing = 0;
			shellPath = /bin/sh;
			shellScript = "\"${SRCROOT}/Pods/Target Support Files/Pods-Deals/Pods-Deals-frameworks.sh\"\n";
			showEnvVarsInLog = 0;
		};
/* End PBXShellScriptBuildPhase section */

/* Begin PBXSourcesBuildPhase section */
		E488D2D51F72E2F400523E25 /* Sources */ = {
			isa = PBXSourcesBuildPhase;
			buildActionMask = 2147483647;
			files = (
				2D001A8B1FEA6465001A31BE /* MapItemPost.swift in Sources */,
				E478C5F21F7E8EF600EAAA26 /* MenuView.swift in Sources */,
				2D9F7BC31FC80E14007A1776 /* ChatingScreen.swift in Sources */,
				2D9A7B471FDE807B0069A2E2 /* ReportUser.swift in Sources */,
				2DD2C75B1FC6E9E900639B43 /* ChatList.swift in Sources */,
				2D0E73EB1FE2627000A57E09 /* MapPlacePicker.swift in Sources */,
				E488D37B1F8962E200E270FF /* About.swift in Sources */,
				E4F040591F8FB89E00E75FE8 /* UpdateProfile.swift in Sources */,
				E488D3301F72E7C000523E25 /* SelectLanguage.swift in Sources */,
				E447110D1FB0D6E4001D1D3C /* ImageShow.swift in Sources */,
				442490571FA9E77E0060A640 /* AARatingBar.swift in Sources */,
				2DD2C75D1FC6EA0F00639B43 /* MyProfile.swift in Sources */,
				2DD2C75F1FC6EB2B00639B43 /* ViewController.swift in Sources */,
				E409652F1F8EA29200C0D92F /* CountryCityList.swift in Sources */,
				44E8D2931FB33EA60007DB8F /* ProfilePostListCell.swift in Sources */,
				E488D3321F72E7D000523E25 /* Login.swift in Sources */,
				E478C63B1F81332900EAAA26 /* SWRevealViewController.m in Sources */,
				E488D36C1F88CB1F00E270FF /* CheckInternet.swift in Sources */,
				E488D3751F895E9400E270FF /* AddPost.swift in Sources */,
				4424904E1FA98F960060A640 /* MarkAsSold.swift in Sources */,
				E488D3341F72E7E000523E25 /* SignUp.swift in Sources */,
				442490521FA9D7960060A640 /* RateBuyer.swift in Sources */,
				2D9A7B491FDE80AD0069A2E2 /* ReportUserDescription.swift in Sources */,
				E4F737E11F88C3B100403BFF /* constant.swift in Sources */,
				440A0F911FA3477300A95ED1 /* Notifications.swift in Sources */,
				E4F737E21F88C3B100403BFF /* customclass.swift in Sources */,
				2DD47C6C1FDA6680009735D4 /* Reportitem.swift in Sources */,
				2DD2C7571FC6E9A900639B43 /* AppDelegate.swift in Sources */,
				E488D3361F72E7F300523E25 /* ForgotPassword.swift in Sources */,
				E401C3B01FC0A9D200F0C6CE /* SelectCountryCity.swift in Sources */,
				E488D3771F895EA300E270FF /* Category.swift in Sources */,
				442490501FA9D2D50060A640 /* ChooseBuyer.swift in Sources */,
				2DD47C6E1FDA9F51009735D4 /* ReportitemDescription.swift in Sources */,
				44E8D2911FB326770007DB8F /* postListCell.swift in Sources */,
				E488D37D1F8963D900E270FF /* PostDetails.swift in Sources */,
				E45A15931FA4F29D004F2CD7 /* UpdatePost.swift in Sources */,
				440A0F8B1FA341D300A95ED1 /* WebViewScreen.swift in Sources */,
			);
			runOnlyForDeploymentPostprocessing = 0;
		};
		E488D2E91F72E2F400523E25 /* Sources */ = {
			isa = PBXSourcesBuildPhase;
			buildActionMask = 2147483647;
			files = (
				E488D2F21F72E2F400523E25 /* DealsTests.swift in Sources */,
			);
			runOnlyForDeploymentPostprocessing = 0;
		};
		E488D2F41F72E2F400523E25 /* Sources */ = {
			isa = PBXSourcesBuildPhase;
			buildActionMask = 2147483647;
			files = (
				E488D2FD1F72E2F500523E25 /* DealsUITests.swift in Sources */,
			);
			runOnlyForDeploymentPostprocessing = 0;
		};
/* End PBXSourcesBuildPhase section */

/* Begin PBXTargetDependency section */
		E488D2EF1F72E2F400523E25 /* PBXTargetDependency */ = {
			isa = PBXTargetDependency;
			target = E488D2D81F72E2F400523E25 /* Deals */;
			targetProxy = E488D2EE1F72E2F400523E25 /* PBXContainerItemProxy */;
		};
		E488D2FA1F72E2F400523E25 /* PBXTargetDependency */ = {
			isa = PBXTargetDependency;
			target = E488D2D81F72E2F400523E25 /* Deals */;
			targetProxy = E488D2F91F72E2F400523E25 /* PBXContainerItemProxy */;
		};
/* End PBXTargetDependency section */

/* Begin PBXVariantGroup section */
		442C8A091FB079AD0047B070 /* Main_Arabic.storyboard */ = {
			isa = PBXVariantGroup;
			children = (
				442C8A0A1FB079AD0047B070 /* Base */,
			);
			name = Main_Arabic.storyboard;
			sourceTree = "<group>";
		};
		E447112B1FB0E4A8001D1D3C /* Localizable.strings */ = {
			isa = PBXVariantGroup;
			children = (
				E447112C1FB0E4AA001D1D3C /* ar */,
				E447112D1FB0E901001D1D3C /* Base */,
			);
			name = Localizable.strings;
			sourceTree = "<group>";
		};
		E488D2E01F72E2F400523E25 /* Main.storyboard */ = {
			isa = PBXVariantGroup;
			children = (
				E488D2E11F72E2F400523E25 /* Base */,
			);
			name = Main.storyboard;
			sourceTree = "<group>";
		};
		E488D2E51F72E2F400523E25 /* LaunchScreen.storyboard */ = {
			isa = PBXVariantGroup;
			children = (
				E488D2E61F72E2F400523E25 /* Base */,
			);
			name = LaunchScreen.storyboard;
			sourceTree = "<group>";
		};
/* End PBXVariantGroup section */

/* Begin XCBuildConfiguration section */
		E488D2FF1F72E2F500523E25 /* Debug */ = {
			isa = XCBuildConfiguration;
			buildSettings = {
				ALWAYS_SEARCH_USER_PATHS = NO;
				CLANG_ANALYZER_LOCALIZABILITY_NONLOCALIZED = YES;
				CLANG_ANALYZER_NONNULL = YES;
				CLANG_ANALYZER_NUMBER_OBJECT_CONVERSION = YES_AGGRESSIVE;
				CLANG_CXX_LANGUAGE_STANDARD = "gnu++0x";
				CLANG_CXX_LIBRARY = "libc++";
				CLANG_ENABLE_MODULES = YES;
				CLANG_ENABLE_OBJC_ARC = YES;
				CLANG_WARN_BOOL_CONVERSION = YES;
				CLANG_WARN_CONSTANT_CONVERSION = YES;
				CLANG_WARN_DIRECT_OBJC_ISA_USAGE = YES_ERROR;
				CLANG_WARN_DOCUMENTATION_COMMENTS = YES;
				CLANG_WARN_EMPTY_BODY = YES;
				CLANG_WARN_ENUM_CONVERSION = YES;
				CLANG_WARN_INFINITE_RECURSION = YES;
				CLANG_WARN_INT_CONVERSION = YES;
				CLANG_WARN_OBJC_ROOT_CLASS = YES_ERROR;
				CLANG_WARN_SUSPICIOUS_MOVE = YES;
				CLANG_WARN_UNREACHABLE_CODE = YES;
				CLANG_WARN__DUPLICATE_METHOD_MATCH = YES;
				"CODE_SIGN_IDENTITY[sdk=iphoneos*]" = "iPhone Developer";
				COPY_PHASE_STRIP = NO;
				DEBUG_INFORMATION_FORMAT = dwarf;
				ENABLE_STRICT_OBJC_MSGSEND = YES;
				ENABLE_TESTABILITY = YES;
				GCC_C_LANGUAGE_STANDARD = gnu99;
				GCC_DYNAMIC_NO_PIC = NO;
				GCC_NO_COMMON_BLOCKS = YES;
				GCC_OPTIMIZATION_LEVEL = 0;
				GCC_PREPROCESSOR_DEFINITIONS = (
					"DEBUG=1",
					"$(inherited)",
				);
				GCC_WARN_64_TO_32_BIT_CONVERSION = YES;
				GCC_WARN_ABOUT_RETURN_TYPE = YES_ERROR;
				GCC_WARN_UNDECLARED_SELECTOR = YES;
				GCC_WARN_UNINITIALIZED_AUTOS = YES_AGGRESSIVE;
				GCC_WARN_UNUSED_FUNCTION = YES;
				GCC_WARN_UNUSED_VARIABLE = YES;
				IPHONEOS_DEPLOYMENT_TARGET = 10.3;
				MTL_ENABLE_DEBUG_INFO = YES;
				ONLY_ACTIVE_ARCH = YES;
				SDKROOT = iphoneos;
				SWIFT_ACTIVE_COMPILATION_CONDITIONS = DEBUG;
				SWIFT_OPTIMIZATION_LEVEL = "-Onone";
			};
			name = Debug;
		};
		E488D3001F72E2F500523E25 /* Release */ = {
			isa = XCBuildConfiguration;
			buildSettings = {
				ALWAYS_SEARCH_USER_PATHS = NO;
				CLANG_ANALYZER_LOCALIZABILITY_NONLOCALIZED = YES;
				CLANG_ANALYZER_NONNULL = YES;
				CLANG_ANALYZER_NUMBER_OBJECT_CONVERSION = YES_AGGRESSIVE;
				CLANG_CXX_LANGUAGE_STANDARD = "gnu++0x";
				CLANG_CXX_LIBRARY = "libc++";
				CLANG_ENABLE_MODULES = YES;
				CLANG_ENABLE_OBJC_ARC = YES;
				CLANG_WARN_BOOL_CONVERSION = YES;
				CLANG_WARN_CONSTANT_CONVERSION = YES;
				CLANG_WARN_DIRECT_OBJC_ISA_USAGE = YES_ERROR;
				CLANG_WARN_DOCUMENTATION_COMMENTS = YES;
				CLANG_WARN_EMPTY_BODY = YES;
				CLANG_WARN_ENUM_CONVERSION = YES;
				CLANG_WARN_INFINITE_RECURSION = YES;
				CLANG_WARN_INT_CONVERSION = YES;
				CLANG_WARN_OBJC_ROOT_CLASS = YES_ERROR;
				CLANG_WARN_SUSPICIOUS_MOVE = YES;
				CLANG_WARN_UNREACHABLE_CODE = YES;
				CLANG_WARN__DUPLICATE_METHOD_MATCH = YES;
				"CODE_SIGN_IDENTITY[sdk=iphoneos*]" = "iPhone Developer";
				COPY_PHASE_STRIP = NO;
				DEBUG_INFORMATION_FORMAT = "dwarf-with-dsym";
				ENABLE_NS_ASSERTIONS = NO;
				ENABLE_STRICT_OBJC_MSGSEND = YES;
				GCC_C_LANGUAGE_STANDARD = gnu99;
				GCC_NO_COMMON_BLOCKS = YES;
				GCC_WARN_64_TO_32_BIT_CONVERSION = YES;
				GCC_WARN_ABOUT_RETURN_TYPE = YES_ERROR;
				GCC_WARN_UNDECLARED_SELECTOR = YES;
				GCC_WARN_UNINITIALIZED_AUTOS = YES_AGGRESSIVE;
				GCC_WARN_UNUSED_FUNCTION = YES;
				GCC_WARN_UNUSED_VARIABLE = YES;
				IPHONEOS_DEPLOYMENT_TARGET = 10.3;
				MTL_ENABLE_DEBUG_INFO = NO;
				SDKROOT = iphoneos;
				SWIFT_OPTIMIZATION_LEVEL = "-Owholemodule";
				VALIDATE_PRODUCT = YES;
			};
			name = Release;
		};
		E488D3021F72E2F500523E25 /* Debug */ = {
			isa = XCBuildConfiguration;
			baseConfigurationReference = 9479A7490100D5895D44D326 /* Pods-Deals.debug.xcconfig */;
			buildSettings = {
				ASSETCATALOG_COMPILER_APPICON_NAME = AppIcon;
				ASSETCATALOG_COMPILER_LAUNCHIMAGE_NAME = LaunchImage;
				CLANG_ENABLE_MODULES = YES;
				CODE_SIGN_ENTITLEMENTS = Deals/Deals.entitlements;
				CODE_SIGN_IDENTITY = "iPhone Developer: Tareaf Albarmawi (J7EFJ74S6T)";
				"CODE_SIGN_IDENTITY[sdk=iphoneos*]" = "iPhone Developer: Tareaf Albarmawi (J7EFJ74S6T)";
				CODE_SIGN_STYLE = Manual;
				DEVELOPMENT_TEAM = 5D6D97Q67Z;
				INFOPLIST_FILE = Deals/Info.plist;
				IPHONEOS_DEPLOYMENT_TARGET = 10.0;
				LD_RUNPATH_SEARCH_PATHS = "$(inherited) @executable_path/Frameworks";
				PRODUCT_BUNDLE_IDENTIFIER = com.Deal.Deals;
				PRODUCT_NAME = "$(TARGET_NAME)";
				PROVISIONING_PROFILE = "6cf5ad9d-0850-4627-8a8e-2da341a28139";
				PROVISIONING_PROFILE_SPECIFIER = Deals_Provision;
				SWIFT_OBJC_BRIDGING_HEADER = "Deals-Bridging-Header.h";
				SWIFT_OPTIMIZATION_LEVEL = "-Onone";
				SWIFT_VERSION = 3.0;
			};
			name = Debug;
		};
		E488D3031F72E2F500523E25 /* Release */ = {
			isa = XCBuildConfiguration;
			baseConfigurationReference = 239DE53EBFB48F0302F03A2D /* Pods-Deals.release.xcconfig */;
			buildSettings = {
				ASSETCATALOG_COMPILER_APPICON_NAME = AppIcon;
				ASSETCATALOG_COMPILER_LAUNCHIMAGE_NAME = LaunchImage;
				CLANG_ENABLE_MODULES = YES;
				CODE_SIGN_ENTITLEMENTS = Deals/Deals.entitlements;
				CODE_SIGN_IDENTITY = "iPhone Developer: Tareaf Albarmawi (J7EFJ74S6T)";
				"CODE_SIGN_IDENTITY[sdk=iphoneos*]" = "iPhone Developer: Tareaf Albarmawi (J7EFJ74S6T)";
				CODE_SIGN_STYLE = Manual;
				DEVELOPMENT_TEAM = 5D6D97Q67Z;
				INFOPLIST_FILE = Deals/Info.plist;
				IPHONEOS_DEPLOYMENT_TARGET = 10.0;
				LD_RUNPATH_SEARCH_PATHS = "$(inherited) @executable_path/Frameworks";
				PRODUCT_BUNDLE_IDENTIFIER = com.Deal.Deals;
				PRODUCT_NAME = "$(TARGET_NAME)";
				PROVISIONING_PROFILE = "6cf5ad9d-0850-4627-8a8e-2da341a28139";
				PROVISIONING_PROFILE_SPECIFIER = Deals_Provision;
				SWIFT_OBJC_BRIDGING_HEADER = "Deals-Bridging-Header.h";
				SWIFT_VERSION = 3.0;
			};
			name = Release;
		};
		E488D3051F72E2F500523E25 /* Debug */ = {
			isa = XCBuildConfiguration;
			baseConfigurationReference = 6266724754E398B6CA4CC23E /* Pods-DealsTests.debug.xcconfig */;
			buildSettings = {
				ALWAYS_EMBED_SWIFT_STANDARD_LIBRARIES = YES;
				BUNDLE_LOADER = "$(TEST_HOST)";
				INFOPLIST_FILE = DealsTests/Info.plist;
				LD_RUNPATH_SEARCH_PATHS = "$(inherited) @executable_path/Frameworks @loader_path/Frameworks";
				PRODUCT_BUNDLE_IDENTIFIER = com.MS..DealsTests;
				PRODUCT_NAME = "$(TARGET_NAME)";
				SWIFT_VERSION = 3.0;
				TEST_HOST = "$(BUILT_PRODUCTS_DIR)/Deals.app/Deals";
			};
			name = Debug;
		};
		E488D3061F72E2F500523E25 /* Release */ = {
			isa = XCBuildConfiguration;
			baseConfigurationReference = 56A95306863FCCC67E448C2B /* Pods-DealsTests.release.xcconfig */;
			buildSettings = {
				ALWAYS_EMBED_SWIFT_STANDARD_LIBRARIES = YES;
				BUNDLE_LOADER = "$(TEST_HOST)";
				INFOPLIST_FILE = DealsTests/Info.plist;
				LD_RUNPATH_SEARCH_PATHS = "$(inherited) @executable_path/Frameworks @loader_path/Frameworks";
				PRODUCT_BUNDLE_IDENTIFIER = com.MS..DealsTests;
				PRODUCT_NAME = "$(TARGET_NAME)";
				SWIFT_VERSION = 3.0;
				TEST_HOST = "$(BUILT_PRODUCTS_DIR)/Deals.app/Deals";
			};
			name = Release;
		};
		E488D3081F72E2F500523E25 /* Debug */ = {
			isa = XCBuildConfiguration;
			baseConfigurationReference = 26A223DAFF4EF1A9C880E989 /* Pods-DealsUITests.debug.xcconfig */;
			buildSettings = {
				ALWAYS_EMBED_SWIFT_STANDARD_LIBRARIES = YES;
				INFOPLIST_FILE = DealsUITests/Info.plist;
				LD_RUNPATH_SEARCH_PATHS = "$(inherited) @executable_path/Frameworks @loader_path/Frameworks";
				PRODUCT_BUNDLE_IDENTIFIER = com.MS..DealsUITests;
				PRODUCT_NAME = "$(TARGET_NAME)";
				SWIFT_VERSION = 3.0;
				TEST_TARGET_NAME = Deals;
			};
			name = Debug;
		};
		E488D3091F72E2F500523E25 /* Release */ = {
			isa = XCBuildConfiguration;
			baseConfigurationReference = 8B3F8A7923DACB98E5E1C7AA /* Pods-DealsUITests.release.xcconfig */;
			buildSettings = {
				ALWAYS_EMBED_SWIFT_STANDARD_LIBRARIES = YES;
				INFOPLIST_FILE = DealsUITests/Info.plist;
				LD_RUNPATH_SEARCH_PATHS = "$(inherited) @executable_path/Frameworks @loader_path/Frameworks";
				PRODUCT_BUNDLE_IDENTIFIER = com.MS..DealsUITests;
				PRODUCT_NAME = "$(TARGET_NAME)";
				SWIFT_VERSION = 3.0;
				TEST_TARGET_NAME = Deals;
			};
			name = Release;
		};
/* End XCBuildConfiguration section */

/* Begin XCConfigurationList section */
		E488D2D41F72E2F400523E25 /* Build configuration list for PBXProject "Deals" */ = {
			isa = XCConfigurationList;
			buildConfigurations = (
				E488D2FF1F72E2F500523E25 /* Debug */,
				E488D3001F72E2F500523E25 /* Release */,
			);
			defaultConfigurationIsVisible = 0;
			defaultConfigurationName = Release;
		};
		E488D3011F72E2F500523E25 /* Build configuration list for PBXNativeTarget "Deals" */ = {
			isa = XCConfigurationList;
			buildConfigurations = (
				E488D3021F72E2F500523E25 /* Debug */,
				E488D3031F72E2F500523E25 /* Release */,
			);
			defaultConfigurationIsVisible = 0;
			defaultConfigurationName = Release;
		};
		E488D3041F72E2F500523E25 /* Build configuration list for PBXNativeTarget "DealsTests" */ = {
			isa = XCConfigurationList;
			buildConfigurations = (
				E488D3051F72E2F500523E25 /* Debug */,
				E488D3061F72E2F500523E25 /* Release */,
			);
			defaultConfigurationIsVisible = 0;
			defaultConfigurationName = Release;
		};
		E488D3071F72E2F500523E25 /* Build configuration list for PBXNativeTarget "DealsUITests" */ = {
			isa = XCConfigurationList;
			buildConfigurations = (
				E488D3081F72E2F500523E25 /* Debug */,
				E488D3091F72E2F500523E25 /* Release */,
			);
			defaultConfigurationIsVisible = 0;
			defaultConfigurationName = Release;
		};
/* End XCConfigurationList section */
	};
	rootObject = E488D2D11F72E2F400523E25 /* Project object */;
}
